// !$*UTF8*$!
{
	archiveVersion = 1;
	classes = {
	};
	objectVersion = 48;
	objects = {

/* Begin PBXBuildFile section */
		03806B72BBFDA2760D9CE25A /* Pods_VkGb.framework in Frameworks */ = {isa = PBXBuildFile; fileRef = 63F028B446F56D74BB3307D2 /* Pods_VkGb.framework */; };
		AC319B3C20910C4C0048984B /* NewsService.swift in Sources */ = {isa = PBXBuildFile; fileRef = AC319B3B20910C4C0048984B /* NewsService.swift */; };
		AC319B3E20910D3D0048984B /* NewsData.swift in Sources */ = {isa = PBXBuildFile; fileRef = AC319B3D20910D3D0048984B /* NewsData.swift */; };
		AC319B41209113370048984B /* Friends.storyboard in Resources */ = {isa = PBXBuildFile; fileRef = AC319B40209113370048984B /* Friends.storyboard */; };
		AC33BBFB2089120F0091A4E8 /* Service.swift in Sources */ = {isa = PBXBuildFile; fileRef = AC33BBFA2089120F0091A4E8 /* Service.swift */; };
		AC362150207686290069391F /* FriendsViewController.swift in Sources */ = {isa = PBXBuildFile; fileRef = AC36214F207686290069391F /* FriendsViewController.swift */; };
		AC3621522076863A0069391F /* FriendsViewCell.swift in Sources */ = {isa = PBXBuildFile; fileRef = AC3621512076863A0069391F /* FriendsViewCell.swift */; };
		AC362157207686970069391F /* FriendsPhotoViewController.swift in Sources */ = {isa = PBXBuildFile; fileRef = AC362156207686970069391F /* FriendsPhotoViewController.swift */; };
		AC36215A207686F60069391F /* FriendsPhotoViewCell.swift in Sources */ = {isa = PBXBuildFile; fileRef = AC362159207686F60069391F /* FriendsPhotoViewCell.swift */; };
		AC36215E207687420069391F /* AllGroupsViewController.swift in Sources */ = {isa = PBXBuildFile; fileRef = AC36215D207687420069391F /* AllGroupsViewController.swift */; };
		AC362161207687660069391F /* AllGroupsViewCell.swift in Sources */ = {isa = PBXBuildFile; fileRef = AC362160207687660069391F /* AllGroupsViewCell.swift */; };
		AC36216420768A990069391F /* SearchViewCell.swift in Sources */ = {isa = PBXBuildFile; fileRef = AC36216320768A990069391F /* SearchViewCell.swift */; };
		AC36216620768AB20069391F /* SearchViewController.swift in Sources */ = {isa = PBXBuildFile; fileRef = AC36216520768AB20069391F /* SearchViewController.swift */; };
		AC4894E7207BF33900125F7B /* AllGroupsService.swift in Sources */ = {isa = PBXBuildFile; fileRef = AC4894E6207BF33900125F7B /* AllGroupsService.swift */; };
		AC4894E9207CE55B00125F7B /* FriendsService.swift in Sources */ = {isa = PBXBuildFile; fileRef = AC4894E8207CE55B00125F7B /* FriendsService.swift */; };
		AC4894EB207CE81C00125F7B /* SearchService.swift in Sources */ = {isa = PBXBuildFile; fileRef = AC4894EA207CE81C00125F7B /* SearchService.swift */; };
		AC4894ED207CEA0000125F7B /* FriendsPhotoService.swift in Sources */ = {isa = PBXBuildFile; fileRef = AC4894EC207CEA0000125F7B /* FriendsPhotoService.swift */; };
		AC49FE7520A0C57F005ED018 /* GetCacheImage.swift in Sources */ = {isa = PBXBuildFile; fileRef = AC49FE7420A0C57F005ED018 /* GetCacheImage.swift */; };
		AC596438209B891F00ECC901 /* ProfilesData.swift in Sources */ = {isa = PBXBuildFile; fileRef = AC596437209B891F00ECC901 /* ProfilesData.swift */; };
		AC702623208F284400ABDAFD /* NewsViewController.swift in Sources */ = {isa = PBXBuildFile; fileRef = AC702622208F284400ABDAFD /* NewsViewController.swift */; };
		AC702626208F287000ABDAFD /* NewsViewCell.swift in Sources */ = {isa = PBXBuildFile; fileRef = AC702625208F287000ABDAFD /* NewsViewCell.swift */; };
		AC7521DC2085376A00DA2EAB /* PhotosData.swift in Sources */ = {isa = PBXBuildFile; fileRef = AC7521DB2085376A00DA2EAB /* PhotosData.swift */; };
		AC7521DE20853FDB00DA2EAB /* GroupsData.swift in Sources */ = {isa = PBXBuildFile; fileRef = AC7521DD20853FDB00DA2EAB /* GroupsData.swift */; };
		AC82C88920923D1600667E4C /* Groups.storyboard in Resources */ = {isa = PBXBuildFile; fileRef = AC82C88820923D1600667E4C /* Groups.storyboard */; };
		ACACBB5820754A0E0048D1C3 /* AppDelegate.swift in Sources */ = {isa = PBXBuildFile; fileRef = ACACBB5720754A0E0048D1C3 /* AppDelegate.swift */; };
		ACACBB5D20754A0E0048D1C3 /* Main.storyboard in Resources */ = {isa = PBXBuildFile; fileRef = ACACBB5B20754A0E0048D1C3 /* Main.storyboard */; };
		ACACBB5F20754A0E0048D1C3 /* Assets.xcassets in Resources */ = {isa = PBXBuildFile; fileRef = ACACBB5E20754A0E0048D1C3 /* Assets.xcassets */; };
		ACACBB6220754A0E0048D1C3 /* LaunchScreen.storyboard in Resources */ = {isa = PBXBuildFile; fileRef = ACACBB6020754A0E0048D1C3 /* LaunchScreen.storyboard */; };
		ACACBB6B20754A9E0048D1C3 /* LoginViewController.swift in Sources */ = {isa = PBXBuildFile; fileRef = ACACBB6A20754A9E0048D1C3 /* LoginViewController.swift */; };
		ACC9493620B84FE2004109B2 /* PostViewController.swift in Sources */ = {isa = PBXBuildFile; fileRef = ACC9493520B84FE2004109B2 /* PostViewController.swift */; };
		ACC9493A20B852CA004109B2 /* PostService.swift in Sources */ = {isa = PBXBuildFile; fileRef = ACC9493920B852CA004109B2 /* PostService.swift */; };
		ACC9493C20B85459004109B2 /* PostData.swift in Sources */ = {isa = PBXBuildFile; fileRef = ACC9493B20B85459004109B2 /* PostData.swift */; };
		ACC9493E20BC8792004109B2 /* GoogleService-Info.plist in Resources */ = {isa = PBXBuildFile; fileRef = ACC9493D20BC8792004109B2 /* GoogleService-Info.plist */; };
		ACC9494020C6D63C004109B2 /* MapKitViewController.swift in Sources */ = {isa = PBXBuildFile; fileRef = ACC9493F20C6D63C004109B2 /* MapKitViewController.swift */; };
		ACE3645D207FE53F00050924 /* FriendsData.swift in Sources */ = {isa = PBXBuildFile; fileRef = ACE3645C207FE53F00050924 /* FriendsData.swift */; };
/* End PBXBuildFile section */

/* Begin PBXFileReference section */
		1DF92B0347515F792A63C6FB /* Pods-VkGb.debug.xcconfig */ = {isa = PBXFileReference; includeInIndex = 1; lastKnownFileType = text.xcconfig; name = "Pods-VkGb.debug.xcconfig"; path = "Pods/Target Support Files/Pods-VkGb/Pods-VkGb.debug.xcconfig"; sourceTree = "<group>"; };
		63F028B446F56D74BB3307D2 /* Pods_VkGb.framework */ = {isa = PBXFileReference; explicitFileType = wrapper.framework; includeInIndex = 0; path = Pods_VkGb.framework; sourceTree = BUILT_PRODUCTS_DIR; };
		7CF8825A8CE99BC6DA117128 /* Pods-VkGb.release.xcconfig */ = {isa = PBXFileReference; includeInIndex = 1; lastKnownFileType = text.xcconfig; name = "Pods-VkGb.release.xcconfig"; path = "Pods/Target Support Files/Pods-VkGb/Pods-VkGb.release.xcconfig"; sourceTree = "<group>"; };
		AC319B3B20910C4C0048984B /* NewsService.swift */ = {isa = PBXFileReference; lastKnownFileType = sourcecode.swift; path = NewsService.swift; sourceTree = "<group>"; };
		AC319B3D20910D3D0048984B /* NewsData.swift */ = {isa = PBXFileReference; lastKnownFileType = sourcecode.swift; path = NewsData.swift; sourceTree = "<group>"; };
		AC319B40209113370048984B /* Friends.storyboard */ = {isa = PBXFileReference; lastKnownFileType = file.storyboard; path = Friends.storyboard; sourceTree = "<group>"; };
		AC33BBFA2089120F0091A4E8 /* Service.swift */ = {isa = PBXFileReference; lastKnownFileType = sourcecode.swift; path = Service.swift; sourceTree = "<group>"; };
		AC36214F207686290069391F /* FriendsViewController.swift */ = {isa = PBXFileReference; lastKnownFileType = sourcecode.swift; path = FriendsViewController.swift; sourceTree = "<group>"; };
		AC3621512076863A0069391F /* FriendsViewCell.swift */ = {isa = PBXFileReference; lastKnownFileType = sourcecode.swift; path = FriendsViewCell.swift; sourceTree = "<group>"; };
		AC362156207686970069391F /* FriendsPhotoViewController.swift */ = {isa = PBXFileReference; lastKnownFileType = sourcecode.swift; path = FriendsPhotoViewController.swift; sourceTree = "<group>"; };
		AC362159207686F60069391F /* FriendsPhotoViewCell.swift */ = {isa = PBXFileReference; lastKnownFileType = sourcecode.swift; path = FriendsPhotoViewCell.swift; sourceTree = "<group>"; };
		AC36215D207687420069391F /* AllGroupsViewController.swift */ = {isa = PBXFileReference; lastKnownFileType = sourcecode.swift; path = AllGroupsViewController.swift; sourceTree = "<group>"; };
		AC362160207687660069391F /* AllGroupsViewCell.swift */ = {isa = PBXFileReference; lastKnownFileType = sourcecode.swift; path = AllGroupsViewCell.swift; sourceTree = "<group>"; };
		AC36216320768A990069391F /* SearchViewCell.swift */ = {isa = PBXFileReference; lastKnownFileType = sourcecode.swift; path = SearchViewCell.swift; sourceTree = "<group>"; };
		AC36216520768AB20069391F /* SearchViewController.swift */ = {isa = PBXFileReference; lastKnownFileType = sourcecode.swift; path = SearchViewController.swift; sourceTree = "<group>"; };
		AC4894E6207BF33900125F7B /* AllGroupsService.swift */ = {isa = PBXFileReference; lastKnownFileType = sourcecode.swift; path = AllGroupsService.swift; sourceTree = "<group>"; };
		AC4894E8207CE55B00125F7B /* FriendsService.swift */ = {isa = PBXFileReference; lastKnownFileType = sourcecode.swift; path = FriendsService.swift; sourceTree = "<group>"; };
		AC4894EA207CE81C00125F7B /* SearchService.swift */ = {isa = PBXFileReference; lastKnownFileType = sourcecode.swift; path = SearchService.swift; sourceTree = "<group>"; };
		AC4894EC207CEA0000125F7B /* FriendsPhotoService.swift */ = {isa = PBXFileReference; lastKnownFileType = sourcecode.swift; path = FriendsPhotoService.swift; sourceTree = "<group>"; };
		AC49FE7420A0C57F005ED018 /* GetCacheImage.swift */ = {isa = PBXFileReference; lastKnownFileType = sourcecode.swift; path = GetCacheImage.swift; sourceTree = "<group>"; };
		AC596437209B891F00ECC901 /* ProfilesData.swift */ = {isa = PBXFileReference; lastKnownFileType = sourcecode.swift; path = ProfilesData.swift; sourceTree = "<group>"; };
		AC702622208F284400ABDAFD /* NewsViewController.swift */ = {isa = PBXFileReference; lastKnownFileType = sourcecode.swift; path = NewsViewController.swift; sourceTree = "<group>"; };
		AC702625208F287000ABDAFD /* NewsViewCell.swift */ = {isa = PBXFileReference; lastKnownFileType = sourcecode.swift; path = NewsViewCell.swift; sourceTree = "<group>"; };
		AC7521DB2085376A00DA2EAB /* PhotosData.swift */ = {isa = PBXFileReference; lastKnownFileType = sourcecode.swift; path = PhotosData.swift; sourceTree = "<group>"; };
		AC7521DD20853FDB00DA2EAB /* GroupsData.swift */ = {isa = PBXFileReference; lastKnownFileType = sourcecode.swift; path = GroupsData.swift; sourceTree = "<group>"; };
		AC82C88820923D1600667E4C /* Groups.storyboard */ = {isa = PBXFileReference; lastKnownFileType = file.storyboard; path = Groups.storyboard; sourceTree = "<group>"; };
		ACACBB5420754A0E0048D1C3 /* VkGb.app */ = {isa = PBXFileReference; explicitFileType = wrapper.application; includeInIndex = 0; path = VkGb.app; sourceTree = BUILT_PRODUCTS_DIR; };
		ACACBB5720754A0E0048D1C3 /* AppDelegate.swift */ = {isa = PBXFileReference; lastKnownFileType = sourcecode.swift; path = AppDelegate.swift; sourceTree = "<group>"; };
		ACACBB5C20754A0E0048D1C3 /* Base */ = {isa = PBXFileReference; lastKnownFileType = file.storyboard; name = Base; path = Base.lproj/Main.storyboard; sourceTree = "<group>"; };
		ACACBB5E20754A0E0048D1C3 /* Assets.xcassets */ = {isa = PBXFileReference; lastKnownFileType = folder.assetcatalog; path = Assets.xcassets; sourceTree = "<group>"; };
		ACACBB6120754A0E0048D1C3 /* Base */ = {isa = PBXFileReference; lastKnownFileType = file.storyboard; name = Base; path = Base.lproj/LaunchScreen.storyboard; sourceTree = "<group>"; };
		ACACBB6320754A0E0048D1C3 /* Info.plist */ = {isa = PBXFileReference; lastKnownFileType = text.plist.xml; path = Info.plist; sourceTree = "<group>"; };
		ACACBB6A20754A9E0048D1C3 /* LoginViewController.swift */ = {isa = PBXFileReference; lastKnownFileType = sourcecode.swift; path = LoginViewController.swift; sourceTree = "<group>"; };
		ACC9493520B84FE2004109B2 /* PostViewController.swift */ = {isa = PBXFileReference; lastKnownFileType = sourcecode.swift; path = PostViewController.swift; sourceTree = "<group>"; };
		ACC9493920B852CA004109B2 /* PostService.swift */ = {isa = PBXFileReference; lastKnownFileType = sourcecode.swift; path = PostService.swift; sourceTree = "<group>"; };
		ACC9493B20B85459004109B2 /* PostData.swift */ = {isa = PBXFileReference; lastKnownFileType = sourcecode.swift; path = PostData.swift; sourceTree = "<group>"; };
		ACC9493D20BC8792004109B2 /* GoogleService-Info.plist */ = {isa = PBXFileReference; fileEncoding = 4; lastKnownFileType = text.plist.xml; path = "GoogleService-Info.plist"; sourceTree = "<group>"; };
		ACC9493F20C6D63C004109B2 /* MapKitViewController.swift */ = {isa = PBXFileReference; lastKnownFileType = sourcecode.swift; path = MapKitViewController.swift; sourceTree = "<group>"; };
		ACE3645C207FE53F00050924 /* FriendsData.swift */ = {isa = PBXFileReference; lastKnownFileType = sourcecode.swift; path = FriendsData.swift; sourceTree = "<group>"; };
/* End PBXFileReference section */

/* Begin PBXFrameworksBuildPhase section */
		ACACBB5120754A0E0048D1C3 /* Frameworks */ = {
			isa = PBXFrameworksBuildPhase;
			buildActionMask = 2147483647;
			files = (
				03806B72BBFDA2760D9CE25A /* Pods_VkGb.framework in Frameworks */,
			);
			runOnlyForDeploymentPostprocessing = 0;
		};
/* End PBXFrameworksBuildPhase section */

/* Begin PBXGroup section */
		76782DE6DED02FA4D74F23E3 /* Pods */ = {
			isa = PBXGroup;
			children = (
				1DF92B0347515F792A63C6FB /* Pods-VkGb.debug.xcconfig */,
				7CF8825A8CE99BC6DA117128 /* Pods-VkGb.release.xcconfig */,
			);
			name = Pods;
			sourceTree = "<group>";
		};
		A6562A487F78A6CC347E34C8 /* Frameworks */ = {
			isa = PBXGroup;
			children = (
				63F028B446F56D74BB3307D2 /* Pods_VkGb.framework */,
			);
			name = Frameworks;
			sourceTree = "<group>";
		};
		AC319B3F209113020048984B /* Storyboards */ = {
			isa = PBXGroup;
			children = (
				AC319B40209113370048984B /* Friends.storyboard */,
				AC82C88820923D1600667E4C /* Groups.storyboard */,
			);
			path = Storyboards;
			sourceTree = "<group>";
		};
		AC33BBF9208911DE0091A4E8 /* Tools */ = {
			isa = PBXGroup;
			children = (
				AC33BBFA2089120F0091A4E8 /* Service.swift */,
				AC49FE7420A0C57F005ED018 /* GetCacheImage.swift */,
			);
			path = Tools;
			sourceTree = "<group>";
		};
		AC36214E2076833B0069391F /* Friends */ = {
			isa = PBXGroup;
			children = (
				AC36214F207686290069391F /* FriendsViewController.swift */,
				AC3621512076863A0069391F /* FriendsViewCell.swift */,
				AC4894E8207CE55B00125F7B /* FriendsService.swift */,
				ACE3645C207FE53F00050924 /* FriendsData.swift */,
			);
			path = Friends;
			sourceTree = "<group>";
		};
		AC362153207686610069391F /* FriendsPhoto */ = {
			isa = PBXGroup;
			children = (
				AC362156207686970069391F /* FriendsPhotoViewController.swift */,
				AC362159207686F60069391F /* FriendsPhotoViewCell.swift */,
				AC4894EC207CEA0000125F7B /* FriendsPhotoService.swift */,
				AC7521DB2085376A00DA2EAB /* PhotosData.swift */,
			);
			path = FriendsPhoto;
			sourceTree = "<group>";
		};
		AC36215C207687260069391F /* AllGroups */ = {
			isa = PBXGroup;
			children = (
				AC36215D207687420069391F /* AllGroupsViewController.swift */,
				AC362160207687660069391F /* AllGroupsViewCell.swift */,
				AC4894E6207BF33900125F7B /* AllGroupsService.swift */,
				AC7521DD20853FDB00DA2EAB /* GroupsData.swift */,
			);
			path = AllGroups;
			sourceTree = "<group>";
		};
		AC36216220768A810069391F /* GroupSearch */ = {
			isa = PBXGroup;
			children = (
				AC36216320768A990069391F /* SearchViewCell.swift */,
				AC36216520768AB20069391F /* SearchViewController.swift */,
				AC4894EA207CE81C00125F7B /* SearchService.swift */,
			);
			path = GroupSearch;
			sourceTree = "<group>";
		};
		AC702621208F281900ABDAFD /* News */ = {
			isa = PBXGroup;
			children = (
				AC702622208F284400ABDAFD /* NewsViewController.swift */,
				AC702625208F287000ABDAFD /* NewsViewCell.swift */,
				AC319B3B20910C4C0048984B /* NewsService.swift */,
				AC319B3D20910D3D0048984B /* NewsData.swift */,
				AC596437209B891F00ECC901 /* ProfilesData.swift */,
			);
			path = News;
			sourceTree = "<group>";
		};
		ACACBB4B20754A0E0048D1C3 = {
			isa = PBXGroup;
			children = (
				ACC9493420B84EF2004109B2 /* AddPost */,
				AC319B3F209113020048984B /* Storyboards */,
				AC702621208F281900ABDAFD /* News */,
				AC33BBF9208911DE0091A4E8 /* Tools */,
				AC36216220768A810069391F /* GroupSearch */,
				AC36215C207687260069391F /* AllGroups */,
				AC362153207686610069391F /* FriendsPhoto */,
				AC36214E2076833B0069391F /* Friends */,
				ACACBB5620754A0E0048D1C3 /* VkGb */,
				ACACBB5520754A0E0048D1C3 /* Products */,
				76782DE6DED02FA4D74F23E3 /* Pods */,
				A6562A487F78A6CC347E34C8 /* Frameworks */,
			);
			sourceTree = "<group>";
		};
		ACACBB5520754A0E0048D1C3 /* Products */ = {
			isa = PBXGroup;
			children = (
				ACACBB5420754A0E0048D1C3 /* VkGb.app */,
			);
			name = Products;
			sourceTree = "<group>";
		};
		ACACBB5620754A0E0048D1C3 /* VkGb */ = {
			isa = PBXGroup;
			children = (
				ACACBB6A20754A9E0048D1C3 /* LoginViewController.swift */,
				ACACBB5720754A0E0048D1C3 /* AppDelegate.swift */,
				ACACBB5B20754A0E0048D1C3 /* Main.storyboard */,
				ACC9493D20BC8792004109B2 /* GoogleService-Info.plist */,
				ACACBB6020754A0E0048D1C3 /* LaunchScreen.storyboard */,
				ACACBB5E20754A0E0048D1C3 /* Assets.xcassets */,
				ACACBB6320754A0E0048D1C3 /* Info.plist */,
			);
			path = VkGb;
			sourceTree = "<group>";
		};
		ACC9493420B84EF2004109B2 /* AddPost */ = {
			isa = PBXGroup;
			children = (
				ACC9493520B84FE2004109B2 /* PostViewController.swift */,
				ACC9493920B852CA004109B2 /* PostService.swift */,
				ACC9493B20B85459004109B2 /* PostData.swift */,
				ACC9493F20C6D63C004109B2 /* MapKitViewController.swift */,
			);
			path = AddPost;
			sourceTree = "<group>";
		};
/* End PBXGroup section */

/* Begin PBXNativeTarget section */
		ACACBB5320754A0E0048D1C3 /* VkGb */ = {
			isa = PBXNativeTarget;
			buildConfigurationList = ACACBB6620754A0E0048D1C3 /* Build configuration list for PBXNativeTarget "VkGb" */;
			buildPhases = (
				16A95CFB9BA52F4D68F4A574 /* [CP] Check Pods Manifest.lock */,
				ACACBB5020754A0E0048D1C3 /* Sources */,
				ACACBB5120754A0E0048D1C3 /* Frameworks */,
				ACACBB5220754A0E0048D1C3 /* Resources */,
				8D864F36394C98F748C63435 /* [CP] Embed Pods Frameworks */,
				BAA783D962105F497FFD8817 /* [CP] Copy Pods Resources */,
			);
			buildRules = (
			);
			dependencies = (
			);
			name = VkGb;
			productName = VkGb;
			productReference = ACACBB5420754A0E0048D1C3 /* VkGb.app */;
			productType = "com.apple.product-type.application";
		};
/* End PBXNativeTarget section */

/* Begin PBXProject section */
		ACACBB4C20754A0E0048D1C3 /* Project object */ = {
			isa = PBXProject;
			attributes = {
				LastSwiftUpdateCheck = 0920;
				LastUpgradeCheck = 0930;
				ORGANIZATIONNAME = VitaliyFilippov;
				TargetAttributes = {
					ACACBB5320754A0E0048D1C3 = {
						CreatedOnToolsVersion = 9.2;
						ProvisioningStyle = Automatic;
					};
				};
			};
			buildConfigurationList = ACACBB4F20754A0E0048D1C3 /* Build configuration list for PBXProject "VkGb" */;
			compatibilityVersion = "Xcode 8.0";
			developmentRegion = en;
			hasScannedForEncodings = 0;
			knownRegions = (
				en,
				Base,
			);
			mainGroup = ACACBB4B20754A0E0048D1C3;
			productRefGroup = ACACBB5520754A0E0048D1C3 /* Products */;
			projectDirPath = "";
			projectRoot = "";
			targets = (
				ACACBB5320754A0E0048D1C3 /* VkGb */,
			);
		};
/* End PBXProject section */

/* Begin PBXResourcesBuildPhase section */
		ACACBB5220754A0E0048D1C3 /* Resources */ = {
			isa = PBXResourcesBuildPhase;
			buildActionMask = 2147483647;
			files = (
				AC82C88920923D1600667E4C /* Groups.storyboard in Resources */,
				AC319B41209113370048984B /* Friends.storyboard in Resources */,
				ACACBB6220754A0E0048D1C3 /* LaunchScreen.storyboard in Resources */,
				ACACBB5F20754A0E0048D1C3 /* Assets.xcassets in Resources */,
				ACACBB5D20754A0E0048D1C3 /* Main.storyboard in Resources */,
				ACC9493E20BC8792004109B2 /* GoogleService-Info.plist in Resources */,
			);
			runOnlyForDeploymentPostprocessing = 0;
		};
/* End PBXResourcesBuildPhase section */

/* Begin PBXShellScriptBuildPhase section */
		16A95CFB9BA52F4D68F4A574 /* [CP] Check Pods Manifest.lock */ = {
			isa = PBXShellScriptBuildPhase;
			buildActionMask = 2147483647;
			files = (
			);
			inputPaths = (
				"${PODS_PODFILE_DIR_PATH}/Podfile.lock",
				"${PODS_ROOT}/Manifest.lock",
			);
			name = "[CP] Check Pods Manifest.lock";
			outputPaths = (
				"$(DERIVED_FILE_DIR)/Pods-VkGb-checkManifestLockResult.txt",
			);
			runOnlyForDeploymentPostprocessing = 0;
			shellPath = /bin/sh;
			shellScript = "diff \"${PODS_PODFILE_DIR_PATH}/Podfile.lock\" \"${PODS_ROOT}/Manifest.lock\" > /dev/null\nif [ $? != 0 ] ; then\n    # print error to STDERR\n    echo \"error: The sandbox is not in sync with the Podfile.lock. Run 'pod install' or update your CocoaPods installation.\" >&2\n    exit 1\nfi\n# This output is used by Xcode 'outputs' to avoid re-running this script phase.\necho \"SUCCESS\" > \"${SCRIPT_OUTPUT_FILE_0}\"\n";
			showEnvVarsInLog = 0;
		};
		8D864F36394C98F748C63435 /* [CP] Embed Pods Frameworks */ = {
			isa = PBXShellScriptBuildPhase;
			buildActionMask = 2147483647;
			files = (
			);
			inputPaths = (
				"${SRCROOT}/Pods/Target Support Files/Pods-VkGb/Pods-VkGb-frameworks.sh",
				"${BUILT_PRODUCTS_DIR}/Alamofire/Alamofire.framework",
				"${BUILT_PRODUCTS_DIR}/GoogleToolboxForMac/GoogleToolboxForMac.framework",
				"${BUILT_PRODUCTS_DIR}/Realm/Realm.framework",
				"${BUILT_PRODUCTS_DIR}/RealmSwift/RealmSwift.framework",
				"${BUILT_PRODUCTS_DIR}/SwiftyJSON/SwiftyJSON.framework",
				"${BUILT_PRODUCTS_DIR}/nanopb/nanopb.framework",
			);
			name = "[CP] Embed Pods Frameworks";
			outputPaths = (
				"${TARGET_BUILD_DIR}/${FRAMEWORKS_FOLDER_PATH}/Alamofire.framework",
				"${TARGET_BUILD_DIR}/${FRAMEWORKS_FOLDER_PATH}/GoogleToolboxForMac.framework",
				"${TARGET_BUILD_DIR}/${FRAMEWORKS_FOLDER_PATH}/Realm.framework",
				"${TARGET_BUILD_DIR}/${FRAMEWORKS_FOLDER_PATH}/RealmSwift.framework",
				"${TARGET_BUILD_DIR}/${FRAMEWORKS_FOLDER_PATH}/SwiftyJSON.framework",
				"${TARGET_BUILD_DIR}/${FRAMEWORKS_FOLDER_PATH}/nanopb.framework",
			);
			runOnlyForDeploymentPostprocessing = 0;
			shellPath = /bin/sh;
			shellScript = "\"${SRCROOT}/Pods/Target Support Files/Pods-VkGb/Pods-VkGb-frameworks.sh\"\n";
			showEnvVarsInLog = 0;
		};
		BAA783D962105F497FFD8817 /* [CP] Copy Pods Resources */ = {
			isa = PBXShellScriptBuildPhase;
			buildActionMask = 2147483647;
			files = (
			);
			inputPaths = (
			);
			name = "[CP] Copy Pods Resources";
			outputPaths = (
			);
			runOnlyForDeploymentPostprocessing = 0;
			shellPath = /bin/sh;
			shellScript = "\"${SRCROOT}/Pods/Target Support Files/Pods-VkGb/Pods-VkGb-resources.sh\"\n";
			showEnvVarsInLog = 0;
		};
/* End PBXShellScriptBuildPhase section */

/* Begin PBXSourcesBuildPhase section */
		ACACBB5020754A0E0048D1C3 /* Sources */ = {
			isa = PBXSourcesBuildPhase;
			buildActionMask = 2147483647;
			files = (
				AC4894EB207CE81C00125F7B /* SearchService.swift in Sources */,
				ACE3645D207FE53F00050924 /* FriendsData.swift in Sources */,
				ACC9494020C6D63C004109B2 /* MapKitViewController.swift in Sources */,
				AC7521DC2085376A00DA2EAB /* PhotosData.swift in Sources */,
				AC319B3C20910C4C0048984B /* NewsService.swift in Sources */,
				ACC9493C20B85459004109B2 /* PostData.swift in Sources */,
				ACC9493620B84FE2004109B2 /* PostViewController.swift in Sources */,
				AC36216620768AB20069391F /* SearchViewController.swift in Sources */,
				AC4894E7207BF33900125F7B /* AllGroupsService.swift in Sources */,
				AC319B3E20910D3D0048984B /* NewsData.swift in Sources */,
				AC33BBFB2089120F0091A4E8 /* Service.swift in Sources */,
				ACACBB6B20754A9E0048D1C3 /* LoginViewController.swift in Sources */,
				AC702623208F284400ABDAFD /* NewsViewController.swift in Sources */,
				AC36215A207686F60069391F /* FriendsPhotoViewCell.swift in Sources */,
				AC596438209B891F00ECC901 /* ProfilesData.swift in Sources */,
				AC362157207686970069391F /* FriendsPhotoViewController.swift in Sources */,
				AC49FE7520A0C57F005ED018 /* GetCacheImage.swift in Sources */,
				ACC9493A20B852CA004109B2 /* PostService.swift in Sources */,
				AC36216420768A990069391F /* SearchViewCell.swift in Sources */,
				AC362150207686290069391F /* FriendsViewController.swift in Sources */,
				AC4894ED207CEA0000125F7B /* FriendsPhotoService.swift in Sources */,
				AC4894E9207CE55B00125F7B /* FriendsService.swift in Sources */,
				AC3621522076863A0069391F /* FriendsViewCell.swift in Sources */,
				ACACBB5820754A0E0048D1C3 /* AppDelegate.swift in Sources */,
				AC362161207687660069391F /* AllGroupsViewCell.swift in Sources */,
				AC702626208F287000ABDAFD /* NewsViewCell.swift in Sources */,
				AC7521DE20853FDB00DA2EAB /* GroupsData.swift in Sources */,
				AC36215E207687420069391F /* AllGroupsViewController.swift in Sources */,
			);
			runOnlyForDeploymentPostprocessing = 0;
		};
/* End PBXSourcesBuildPhase section */

/* Begin PBXVariantGroup section */
		ACACBB5B20754A0E0048D1C3 /* Main.storyboard */ = {
			isa = PBXVariantGroup;
			children = (
				ACACBB5C20754A0E0048D1C3 /* Base */,
			);
			name = Main.storyboard;
			sourceTree = "<group>";
		};
		ACACBB6020754A0E0048D1C3 /* LaunchScreen.storyboard */ = {
			isa = PBXVariantGroup;
			children = (
				ACACBB6120754A0E0048D1C3 /* Base */,
			);
			name = LaunchScreen.storyboard;
			sourceTree = "<group>";
		};
/* End PBXVariantGroup section */

/* Begin XCBuildConfiguration section */
		ACACBB6420754A0E0048D1C3 /* Debug */ = {
			isa = XCBuildConfiguration;
			buildSettings = {
				ALWAYS_SEARCH_USER_PATHS = NO;
				CLANG_ANALYZER_NONNULL = YES;
				CLANG_ANALYZER_NUMBER_OBJECT_CONVERSION = YES_AGGRESSIVE;
				CLANG_CXX_LANGUAGE_STANDARD = "gnu++14";
				CLANG_CXX_LIBRARY = "libc++";
				CLANG_ENABLE_MODULES = YES;
				CLANG_ENABLE_OBJC_ARC = YES;
				CLANG_WARN_BLOCK_CAPTURE_AUTORELEASING = YES;
				CLANG_WARN_BOOL_CONVERSION = YES;
				CLANG_WARN_COMMA = YES;
				CLANG_WARN_CONSTANT_CONVERSION = YES;
				CLANG_WARN_DEPRECATED_OBJC_IMPLEMENTATIONS = YES;
				CLANG_WARN_DIRECT_OBJC_ISA_USAGE = YES_ERROR;
				CLANG_WARN_DOCUMENTATION_COMMENTS = YES;
				CLANG_WARN_EMPTY_BODY = YES;
				CLANG_WARN_ENUM_CONVERSION = YES;
				CLANG_WARN_INFINITE_RECURSION = YES;
				CLANG_WARN_INT_CONVERSION = YES;
				CLANG_WARN_NON_LITERAL_NULL_CONVERSION = YES;
				CLANG_WARN_OBJC_IMPLICIT_RETAIN_SELF = YES;
				CLANG_WARN_OBJC_LITERAL_CONVERSION = YES;
				CLANG_WARN_OBJC_ROOT_CLASS = YES_ERROR;
				CLANG_WARN_RANGE_LOOP_ANALYSIS = YES;
				CLANG_WARN_STRICT_PROTOTYPES = YES;
				CLANG_WARN_SUSPICIOUS_MOVE = YES;
				CLANG_WARN_UNGUARDED_AVAILABILITY = YES_AGGRESSIVE;
				CLANG_WARN_UNREACHABLE_CODE = YES;
				CLANG_WARN__DUPLICATE_METHOD_MATCH = YES;
				CODE_SIGN_IDENTITY = "iPhone Developer";
				COPY_PHASE_STRIP = NO;
				DEBUG_INFORMATION_FORMAT = dwarf;
				ENABLE_STRICT_OBJC_MSGSEND = YES;
				ENABLE_TESTABILITY = YES;
				GCC_C_LANGUAGE_STANDARD = gnu11;
				GCC_DYNAMIC_NO_PIC = NO;
				GCC_NO_COMMON_BLOCKS = YES;
				GCC_OPTIMIZATION_LEVEL = 0;
				GCC_PREPROCESSOR_DEFINITIONS = (
					"DEBUG=1",
					"$(inherited)",
				);
				GCC_WARN_64_TO_32_BIT_CONVERSION = YES;
				GCC_WARN_ABOUT_RETURN_TYPE = YES_ERROR;
				GCC_WARN_UNDECLARED_SELECTOR = YES;
				GCC_WARN_UNINITIALIZED_AUTOS = YES_AGGRESSIVE;
				GCC_WARN_UNUSED_FUNCTION = YES;
				GCC_WARN_UNUSED_VARIABLE = YES;
				IPHONEOS_DEPLOYMENT_TARGET = 11.2;
				MTL_ENABLE_DEBUG_INFO = YES;
				ONLY_ACTIVE_ARCH = YES;
				SDKROOT = iphoneos;
				SWIFT_ACTIVE_COMPILATION_CONDITIONS = DEBUG;
				SWIFT_OPTIMIZATION_LEVEL = "-Onone";
			};
			name = Debug;
		};
		ACACBB6520754A0E0048D1C3 /* Release */ = {
			isa = XCBuildConfiguration;
			buildSettings = {
				ALWAYS_SEARCH_USER_PATHS = NO;
				CLANG_ANALYZER_NONNULL = YES;
				CLANG_ANALYZER_NUMBER_OBJECT_CONVERSION = YES_AGGRESSIVE;
				CLANG_CXX_LANGUAGE_STANDARD = "gnu++14";
				CLANG_CXX_LIBRARY = "libc++";
				CLANG_ENABLE_MODULES = YES;
				CLANG_ENABLE_OBJC_ARC = YES;
				CLANG_WARN_BLOCK_CAPTURE_AUTORELEASING = YES;
				CLANG_WARN_BOOL_CONVERSION = YES;
				CLANG_WARN_COMMA = YES;
				CLANG_WARN_CONSTANT_CONVERSION = YES;
				CLANG_WARN_DEPRECATED_OBJC_IMPLEMENTATIONS = YES;
				CLANG_WARN_DIRECT_OBJC_ISA_USAGE = YES_ERROR;
				CLANG_WARN_DOCUMENTATION_COMMENTS = YES;
				CLANG_WARN_EMPTY_BODY = YES;
				CLANG_WARN_ENUM_CONVERSION = YES;
				CLANG_WARN_INFINITE_RECURSION = YES;
				CLANG_WARN_INT_CONVERSION = YES;
				CLANG_WARN_NON_LITERAL_NULL_CONVERSION = YES;
				CLANG_WARN_OBJC_IMPLICIT_RETAIN_SELF = YES;
				CLANG_WARN_OBJC_LITERAL_CONVERSION = YES;
				CLANG_WARN_OBJC_ROOT_CLASS = YES_ERROR;
				CLANG_WARN_RANGE_LOOP_ANALYSIS = YES;
				CLANG_WARN_STRICT_PROTOTYPES = YES;
				CLANG_WARN_SUSPICIOUS_MOVE = YES;
				CLANG_WARN_UNGUARDED_AVAILABILITY = YES_AGGRESSIVE;
				CLANG_WARN_UNREACHABLE_CODE = YES;
				CLANG_WARN__DUPLICATE_METHOD_MATCH = YES;
				CODE_SIGN_IDENTITY = "iPhone Developer";
				COPY_PHASE_STRIP = NO;
				DEBUG_INFORMATION_FORMAT = "dwarf-with-dsym";
				ENABLE_NS_ASSERTIONS = NO;
				ENABLE_STRICT_OBJC_MSGSEND = YES;
				GCC_C_LANGUAGE_STANDARD = gnu11;
				GCC_NO_COMMON_BLOCKS = YES;
				GCC_WARN_64_TO_32_BIT_CONVERSION = YES;
				GCC_WARN_ABOUT_RETURN_TYPE = YES_ERROR;
				GCC_WARN_UNDECLARED_SELECTOR = YES;
				GCC_WARN_UNINITIALIZED_AUTOS = YES_AGGRESSIVE;
				GCC_WARN_UNUSED_FUNCTION = YES;
				GCC_WARN_UNUSED_VARIABLE = YES;
				IPHONEOS_DEPLOYMENT_TARGET = 11.2;
				MTL_ENABLE_DEBUG_INFO = NO;
				SDKROOT = iphoneos;
				SWIFT_OPTIMIZATION_LEVEL = "-Owholemodule";
				VALIDATE_PRODUCT = YES;
			};
			name = Release;
		};
		ACACBB6720754A0E0048D1C3 /* Debug */ = {
			isa = XCBuildConfiguration;
			baseConfigurationReference = 1DF92B0347515F792A63C6FB /* Pods-VkGb.debug.xcconfig */;
			buildSettings = {
				ASSETCATALOG_COMPILER_APPICON_NAME = AppIcon;
				CODE_SIGN_STYLE = Automatic;
				INFOPLIST_FILE = VkGb/Info.plist;
				LD_RUNPATH_SEARCH_PATHS = "$(inherited) @executable_path/Frameworks";
				PRODUCT_BUNDLE_IDENTIFIER = com.Vitaliy.VkGb;
				PRODUCT_NAME = "$(TARGET_NAME)";
				SWIFT_VERSION = 4.0;
				TARGETED_DEVICE_FAMILY = "1,2";
			};
			name = Debug;
		};
		ACACBB6820754A0E0048D1C3 /* Release */ = {
			isa = XCBuildConfiguration;
			baseConfigurationReference = 7CF8825A8CE99BC6DA117128 /* Pods-VkGb.release.xcconfig */;
			buildSettings = {
				ASSETCATALOG_COMPILER_APPICON_NAME = AppIcon;
				CODE_SIGN_STYLE = Automatic;
				INFOPLIST_FILE = VkGb/Info.plist;
				LD_RUNPATH_SEARCH_PATHS = "$(inherited) @executable_path/Frameworks";
				PRODUCT_BUNDLE_IDENTIFIER = com.Vitaliy.VkGb;
				PRODUCT_NAME = "$(TARGET_NAME)";
				SWIFT_VERSION = 4.0;
				TARGETED_DEVICE_FAMILY = "1,2";
			};
			name = Release;
		};
/* End XCBuildConfiguration section */

/* Begin XCConfigurationList section */
		ACACBB4F20754A0E0048D1C3 /* Build configuration list for PBXProject "VkGb" */ = {
			isa = XCConfigurationList;
			buildConfigurations = (
				ACACBB6420754A0E0048D1C3 /* Debug */,
				ACACBB6520754A0E0048D1C3 /* Release */,
			);
			defaultConfigurationIsVisible = 0;
			defaultConfigurationName = Release;
		};
		ACACBB6620754A0E0048D1C3 /* Build configuration list for PBXNativeTarget "VkGb" */ = {
			isa = XCConfigurationList;
			buildConfigurations = (
				ACACBB6720754A0E0048D1C3 /* Debug */,
				ACACBB6820754A0E0048D1C3 /* Release */,
			);
			defaultConfigurationIsVisible = 0;
			defaultConfigurationName = Release;
		};
/* End XCConfigurationList section */
	};
	rootObject = ACACBB4C20754A0E0048D1C3 /* Project object */;
}
